
Microsoft Visual Studio Solution File, Format Version 12.00
# Visual Studio Version 16
VisualStudioVersion = 16.0.30104.148
MinimumVisualStudioVersion = 10.0.40219.1
Project("{9A19103F-16F7-4668-BE54-9A1E7A4F7556}") = "AfasClient.Cli", "AfasClient.Cli.csproj", "{FCDFE958-27F3-4D2B-A4B4-CA6BD325D24A}"
EndProject
Project("{9A19103F-16F7-4668-BE54-9A1E7A4F7556}") = "AfasClient", "..\..\afasclientlibrary\src\AfasClient.csproj", "{7BE09B59-3CCF-4CFE-88BA-4215CEB384F0}"
EndProject
Global
	GlobalSection(SolutionConfigurationPlatforms) = preSolution
		Debug|Any CPU = Debug|Any CPU
		Release|Any CPU = Release|Any CPU
	EndGlobalSection
	GlobalSection(ProjectConfigurationPlatforms) = postSolution
		{FCDFE958-27F3-4D2B-A4B4-CA6BD325D24A}.Debug|Any CPU.ActiveCfg = Debug|Any CPU
		{FCDFE958-27F3-4D2B-A4B4-CA6BD325D24A}.Debug|Any CPU.Build.0 = Debug|Any CPU
		{FCDFE958-27F3-4D2B-A4B4-CA6BD325D24A}.Release|Any CPU.ActiveCfg = Release|Any CPU
		{FCDFE958-27F3-4D2B-A4B4-CA6BD325D24A}.Release|Any CPU.Build.0 = Release|Any CPU
		{7BE09B59-3CCF-4CFE-88BA-4215CEB384F0}.Debug|Any CPU.ActiveCfg = Debug|Any CPU
		{7BE09B59-3CCF-4CFE-88BA-4215CEB384F0}.Debug|Any CPU.Build.0 = Debug|Any CPU
		{7BE09B59-3CCF-4CFE-88BA-4215CEB384F0}.Release|Any CPU.ActiveCfg = Release|Any CPU
		{7BE09B59-3CCF-4CFE-88BA-4215CEB384F0}.Release|Any CPU.Build.0 = Release|Any CPU
	EndGlobalSection
	GlobalSection(SolutionProperties) = preSolution
		HideSolutionNode = FALSE
	EndGlobalSection
	GlobalSection(ExtensibilityGlobals) = postSolution
		SolutionGuid = {D9E1C3F0-1EAB-4AE2-A3DC-2C6A0248C0AA}
	EndGlobalSection
EndGlobal
